// !$*UTF8*$!
{
	archiveVersion = 1;
	classes = {
	};
	objectVersion = 50;
	objects = {

/* Begin PBXBuildFile section */
		87E0199C26F1D4B10096AE6D /* AppDelegate.swift in Sources */ = {isa = PBXBuildFile; fileRef = 87E0199B26F1D4B10096AE6D /* AppDelegate.swift */; };
		87E0199E26F1D4B10096AE6D /* SceneDelegate.swift in Sources */ = {isa = PBXBuildFile; fileRef = 87E0199D26F1D4B10096AE6D /* SceneDelegate.swift */; };
		87E019A026F1D4B10096AE6D /* ViewController.swift in Sources */ = {isa = PBXBuildFile; fileRef = 87E0199F26F1D4B10096AE6D /* ViewController.swift */; };
		87E019A326F1D4B10096AE6D /* Main.storyboard in Resources */ = {isa = PBXBuildFile; fileRef = 87E019A126F1D4B10096AE6D /* Main.storyboard */; };
		87E019A526F1D4B40096AE6D /* Assets.xcassets in Resources */ = {isa = PBXBuildFile; fileRef = 87E019A426F1D4B40096AE6D /* Assets.xcassets */; };
		87E019A826F1D4B40096AE6D /* LaunchScreen.storyboard in Resources */ = {isa = PBXBuildFile; fileRef = 87E019A626F1D4B40096AE6D /* LaunchScreen.storyboard */; };
		87E019B026F1D98B0096AE6D /* SeguePushViewController.swift in Sources */ = {isa = PBXBuildFile; fileRef = 87E019AF26F1D98B0096AE6D /* SeguePushViewController.swift */; };
		87E019B226F1DBBE0096AE6D /* SeguePresentViewController.swift in Sources */ = {isa = PBXBuildFile; fileRef = 87E019B126F1DBBE0096AE6D /* SeguePresentViewController.swift */; };
		87E019B426F1DEAD0096AE6D /* CodePushViewController.swift in Sources */ = {isa = PBXBuildFile; fileRef = 87E019B326F1DEAD0096AE6D /* CodePushViewController.swift */; };
		87E019B626F1E3D60096AE6D /* CodePresentViewController.swift in Sources */ = {isa = PBXBuildFile; fileRef = 87E019B526F1E3D60096AE6D /* CodePresentViewController.swift */; };
/* End PBXBuildFile section */

/* Begin PBXFileReference section */
		87E0199826F1D4B10096AE6D /* ScreenTransitionExample.app */ = {isa = PBXFileReference; explicitFileType = wrapper.application; includeInIndex = 0; path = ScreenTransitionExample.app; sourceTree = BUILT_PRODUCTS_DIR; };
		87E0199B26F1D4B10096AE6D /* AppDelegate.swift */ = {isa = PBXFileReference; lastKnownFileType = sourcecode.swift; path = AppDelegate.swift; sourceTree = "<group>"; };
		87E0199D26F1D4B10096AE6D /* SceneDelegate.swift */ = {isa = PBXFileReference; lastKnownFileType = sourcecode.swift; path = SceneDelegate.swift; sourceTree = "<group>"; };
		87E0199F26F1D4B10096AE6D /* ViewController.swift */ = {isa = PBXFileReference; lastKnownFileType = sourcecode.swift; path = ViewController.swift; sourceTree = "<group>"; };
		87E019A226F1D4B10096AE6D /* Base */ = {isa = PBXFileReference; lastKnownFileType = file.storyboard; name = Base; path = Base.lproj/Main.storyboard; sourceTree = "<group>"; };
		87E019A426F1D4B40096AE6D /* Assets.xcassets */ = {isa = PBXFileReference; lastKnownFileType = folder.assetcatalog; path = Assets.xcassets; sourceTree = "<group>"; };
		87E019A726F1D4B40096AE6D /* Base */ = {isa = PBXFileReference; lastKnownFileType = file.storyboard; name = Base; path = Base.lproj/LaunchScreen.storyboard; sourceTree = "<group>"; };
		87E019A926F1D4B40096AE6D /* Info.plist */ = {isa = PBXFileReference; lastKnownFileType = text.plist.xml; path = Info.plist; sourceTree = "<group>"; };
		87E019AF26F1D98B0096AE6D /* SeguePushViewController.swift */ = {isa = PBXFileReference; lastKnownFileType = sourcecode.swift; path = SeguePushViewController.swift; sourceTree = "<group>"; };
		87E019B126F1DBBE0096AE6D /* SeguePresentViewController.swift */ = {isa = PBXFileReference; lastKnownFileType = sourcecode.swift; path = SeguePresentViewController.swift; sourceTree = "<group>"; };
		87E019B326F1DEAD0096AE6D /* CodePushViewController.swift */ = {isa = PBXFileReference; lastKnownFileType = sourcecode.swift; path = CodePushViewController.swift; sourceTree = "<group>"; };
		87E019B526F1E3D60096AE6D /* CodePresentViewController.swift */ = {isa = PBXFileReference; lastKnownFileType = sourcecode.swift; path = CodePresentViewController.swift; sourceTree = "<group>"; };
/* End PBXFileReference section */

/* Begin PBXFrameworksBuildPhase section */
		87E0199526F1D4B10096AE6D /* Frameworks */ = {
			isa = PBXFrameworksBuildPhase;
			buildActionMask = 2147483647;
			files = (
			);
			runOnlyForDeploymentPostprocessing = 0;
		};
/* End PBXFrameworksBuildPhase section */

/* Begin PBXGroup section */
		87E0198F26F1D4B10096AE6D = {
			isa = PBXGroup;
			children = (
				87E0199A26F1D4B10096AE6D /* ScreenTransitionExample */,
				87E0199926F1D4B10096AE6D /* Products */,
			);
			sourceTree = "<group>";
		};
		87E0199926F1D4B10096AE6D /* Products */ = {
			isa = PBXGroup;
			children = (
				87E0199826F1D4B10096AE6D /* ScreenTransitionExample.app */,
			);
			name = Products;
			sourceTree = "<group>";
		};
		87E0199A26F1D4B10096AE6D /* ScreenTransitionExample */ = {
			isa = PBXGroup;
			children = (
				87E0199B26F1D4B10096AE6D /* AppDelegate.swift */,
				87E0199D26F1D4B10096AE6D /* SceneDelegate.swift */,
				87E0199F26F1D4B10096AE6D /* ViewController.swift */,
				87E019A126F1D4B10096AE6D /* Main.storyboard */,
				87E019A426F1D4B40096AE6D /* Assets.xcassets */,
				87E019A626F1D4B40096AE6D /* LaunchScreen.storyboard */,
				87E019A926F1D4B40096AE6D /* Info.plist */,
				87E019AF26F1D98B0096AE6D /* SeguePushViewController.swift */,
				87E019B126F1DBBE0096AE6D /* SeguePresentViewController.swift */,
				87E019B326F1DEAD0096AE6D /* CodePushViewController.swift */,
				87E019B526F1E3D60096AE6D /* CodePresentViewController.swift */,
			);
			path = ScreenTransitionExample;
			sourceTree = "<group>";
		};
/* End PBXGroup section */

/* Begin PBXNativeTarget section */
		87E0199726F1D4B10096AE6D /* ScreenTransitionExample */ = {
			isa = PBXNativeTarget;
			buildConfigurationList = 87E019AC26F1D4B40096AE6D /* Build configuration list for PBXNativeTarget "ScreenTransitionExample" */;
			buildPhases = (
				87E0199426F1D4B10096AE6D /* Sources */,
				87E0199526F1D4B10096AE6D /* Frameworks */,
				87E0199626F1D4B10096AE6D /* Resources */,
			);
			buildRules = (
			);
			dependencies = (
			);
			name = ScreenTransitionExample;
			productName = ScreenTransitionExample;
			productReference = 87E0199826F1D4B10096AE6D /* ScreenTransitionExample.app */;
			productType = "com.apple.product-type.application";
		};
/* End PBXNativeTarget section */

/* Begin PBXProject section */
		87E0199026F1D4B10096AE6D /* Project object */ = {
			isa = PBXProject;
			attributes = {
				LastSwiftUpdateCheck = 1250;
				LastUpgradeCheck = 1250;
				TargetAttributes = {
					87E0199726F1D4B10096AE6D = {
						CreatedOnToolsVersion = 12.5.1;
					};
				};
			};
			buildConfigurationList = 87E0199326F1D4B10096AE6D /* Build configuration list for PBXProject "ScreenTransitionExample" */;
			compatibilityVersion = "Xcode 9.3";
			developmentRegion = en;
			hasScannedForEncodings = 0;
			knownRegions = (
				en,
				Base,
			);
			mainGroup = 87E0198F26F1D4B10096AE6D;
			productRefGroup = 87E0199926F1D4B10096AE6D /* Products */;
			projectDirPath = "";
			projectRoot = "";
			targets = (
				87E0199726F1D4B10096AE6D /* ScreenTransitionExample */,
			);
		};
/* End PBXProject section */

/* Begin PBXResourcesBuildPhase section */
		87E0199626F1D4B10096AE6D /* Resources */ = {
			isa = PBXResourcesBuildPhase;
			buildActionMask = 2147483647;
			files = (
				87E019A826F1D4B40096AE6D /* LaunchScreen.storyboard in Resources */,
				87E019A526F1D4B40096AE6D /* Assets.xcassets in Resources */,
				87E019A326F1D4B10096AE6D /* Main.storyboard in Resources */,
			);
			runOnlyForDeploymentPostprocessing = 0;
		};
/* End PBXResourcesBuildPhase section */

/* Begin PBXSourcesBuildPhase section */
		87E0199426F1D4B10096AE6D /* Sources */ = {
			isa = PBXSourcesBuildPhase;
			buildActionMask = 2147483647;
			files = (
				87E019B026F1D98B0096AE6D /* SeguePushViewController.swift in Sources */,
				87E019B426F1DEAD0096AE6D /* CodePushViewController.swift in Sources */,
				87E019A026F1D4B10096AE6D /* ViewController.swift in Sources */,
				87E0199C26F1D4B10096AE6D /* AppDelegate.swift in Sources */,
				87E019B626F1E3D60096AE6D /* CodePresentViewController.swift in Sources */,
				87E019B226F1DBBE0096AE6D /* SeguePresentViewController.swift in Sources */,
				87E0199E26F1D4B10096AE6D /* SceneDelegate.swift in Sources */,
			);
			runOnlyForDeploymentPostprocessing = 0;
		};
/* End PBXSourcesBuildPhase section */

/* Begin PBXVariantGroup section */
		87E019A126F1D4B10096AE6D /* Main.storyboard */ = {
			isa = PBXVariantGroup;
			children = (
				87E019A226F1D4B10096AE6D /* Base */,
			);
			name = Main.storyboard;
			sourceTree = "<group>";
		};
		87E019A626F1D4B40096AE6D /* LaunchScreen.storyboard */ = {
			isa = PBXVariantGroup;
			children = (
				87E019A726F1D4B40096AE6D /* Base */,
			);
			name = LaunchScreen.storyboard;
			sourceTree = "<group>";
		};
/* End PBXVariantGroup section */

/* Begin XCBuildConfiguration section */
		87E019AA26F1D4B40096AE6D /* Debug */ = {
			isa = XCBuildConfiguration;
			buildSettings = {
				ALWAYS_SEARCH_USER_PATHS = NO;
				CLANG_ANALYZER_NONNULL = YES;
				CLANG_ANALYZER_NUMBER_OBJECT_CONVERSION = YES_AGGRESSIVE;
				CLANG_CXX_LANGUAGE_STANDARD = "gnu++14";
				CLANG_CXX_LIBRARY = "libc++";
				CLANG_ENABLE_MODULES = YES;
				CLANG_ENABLE_OBJC_ARC = YES;
				CLANG_ENABLE_OBJC_WEAK = YES;
				CLANG_WARN_BLOCK_CAPTURE_AUTORELEASING = YES;
				CLANG_WARN_BOOL_CONVERSION = YES;
				CLANG_WARN_COMMA = YES;
				CLANG_WARN_CONSTANT_CONVERSION = YES;
				CLANG_WARN_DEPRECATED_OBJC_IMPLEMENTATIONS = YES;
				CLANG_WARN_DIRECT_OBJC_ISA_USAGE = YES_ERROR;
				CLANG_WARN_DOCUMENTATION_COMMENTS = YES;
				CLANG_WARN_EMPTY_BODY = YES;
				CLANG_WARN_ENUM_CONVERSION = YES;
				CLANG_WARN_INFINITE_RECURSION = YES;
				CLANG_WARN_INT_CONVERSION = YES;
				CLANG_WARN_NON_LITERAL_NULL_CONVERSION = YES;
				CLANG_WARN_OBJC_IMPLICIT_RETAIN_SELF = YES;
				CLANG_WARN_OBJC_LITERAL_CONVERSION = YES;
				CLANG_WARN_OBJC_ROOT_CLASS = YES_ERROR;
				CLANG_WARN_QUOTED_INCLUDE_IN_FRAMEWORK_HEADER = YES;
				CLANG_WARN_RANGE_LOOP_ANALYSIS = YES;
				CLANG_WARN_STRICT_PROTOTYPES = YES;
				CLANG_WARN_SUSPICIOUS_MOVE = YES;
				CLANG_WARN_UNGUARDED_AVAILABILITY = YES_AGGRESSIVE;
				CLANG_WARN_UNREACHABLE_CODE = YES;
				CLANG_WARN__DUPLICATE_METHOD_MATCH = YES;
				COPY_PHASE_STRIP = NO;
				DEBUG_INFORMATION_FORMAT = dwarf;
				ENABLE_STRICT_OBJC_MSGSEND = YES;
				ENABLE_TESTABILITY = YES;
				GCC_C_LANGUAGE_STANDARD = gnu11;
				GCC_DYNAMIC_NO_PIC = NO;
				GCC_NO_COMMON_BLOCKS = YES;
				GCC_OPTIMIZATION_LEVEL = 0;
				GCC_PREPROCESSOR_DEFINITIONS = (
					"DEBUG=1",
					"$(inherited)",
				);
				GCC_WARN_64_TO_32_BIT_CONVERSION = YES;
				GCC_WARN_ABOUT_RETURN_TYPE = YES_ERROR;
				GCC_WARN_UNDECLARED_SELECTOR = YES;
				GCC_WARN_UNINITIALIZED_AUTOS = YES_AGGRESSIVE;
				GCC_WARN_UNUSED_FUNCTION = YES;
				GCC_WARN_UNUSED_VARIABLE = YES;
				IPHONEOS_DEPLOYMENT_TARGET = 14.5;
				MTL_ENABLE_DEBUG_INFO = INCLUDE_SOURCE;
				MTL_FAST_MATH = YES;
				ONLY_ACTIVE_ARCH = YES;
				SDKROOT = iphoneos;
				SWIFT_ACTIVE_COMPILATION_CONDITIONS = DEBUG;
				SWIFT_OPTIMIZATION_LEVEL = "-Onone";
			};
			name = Debug;
		};
		87E019AB26F1D4B40096AE6D /* Release */ = {
			isa = XCBuildConfiguration;
			buildSettings = {
				ALWAYS_SEARCH_USER_PATHS = NO;
				CLANG_ANALYZER_NONNULL = YES;
				CLANG_ANALYZER_NUMBER_OBJECT_CONVERSION = YES_AGGRESSIVE;
				CLANG_CXX_LANGUAGE_STANDARD = "gnu++14";
				CLANG_CXX_LIBRARY = "libc++";
				CLANG_ENABLE_MODULES = YES;
				CLANG_ENABLE_OBJC_ARC = YES;
				CLANG_ENABLE_OBJC_WEAK = YES;
				CLANG_WARN_BLOCK_CAPTURE_AUTORELEASING = YES;
				CLANG_WARN_BOOL_CONVERSION = YES;
				CLANG_WARN_COMMA = YES;
				CLANG_WARN_CONSTANT_CONVERSION = YES;
				CLANG_WARN_DEPRECATED_OBJC_IMPLEMENTATIONS = YES;
				CLANG_WARN_DIRECT_OBJC_ISA_USAGE = YES_ERROR;
				CLANG_WARN_DOCUMENTATION_COMMENTS = YES;
				CLANG_WARN_EMPTY_BODY = YES;
				CLANG_WARN_ENUM_CONVERSION = YES;
				CLANG_WARN_INFINITE_RECURSION = YES;
				CLANG_WARN_INT_CONVERSION = YES;
				CLANG_WARN_NON_LITERAL_NULL_CONVERSION = YES;
				CLANG_WARN_OBJC_IMPLICIT_RETAIN_SELF = YES;
				CLANG_WARN_OBJC_LITERAL_CONVERSION = YES;
				CLANG_WARN_OBJC_ROOT_CLASS = YES_ERROR;
				CLANG_WARN_QUOTED_INCLUDE_IN_FRAMEWORK_HEADER = YES;
				CLANG_WARN_RANGE_LOOP_ANALYSIS = YES;
				CLANG_WARN_STRICT_PROTOTYPES = YES;
				CLANG_WARN_SUSPICIOUS_MOVE = YES;
				CLANG_WARN_UNGUARDED_AVAILABILITY = YES_AGGRESSIVE;
				CLANG_WARN_UNREACHABLE_CODE = YES;
				CLANG_WARN__DUPLICATE_METHOD_MATCH = YES;
				COPY_PHASE_STRIP = NO;
				DEBUG_INFORMATION_FORMAT = "dwarf-with-dsym";
				ENABLE_NS_ASSERTIONS = NO;
				ENABLE_STRICT_OBJC_MSGSEND = YES;
				GCC_C_LANGUAGE_STANDARD = gnu11;
				GCC_NO_COMMON_BLOCKS = YES;
				GCC_WARN_64_TO_32_BIT_CONVERSION = YES;
				GCC_WARN_ABOUT_RETURN_TYPE = YES_ERROR;
				GCC_WARN_UNDECLARED_SELECTOR = YES;
				GCC_WARN_UNINITIALIZED_AUTOS = YES_AGGRESSIVE;
				GCC_WARN_UNUSED_FUNCTION = YES;
				GCC_WARN_UNUSED_VARIABLE = YES;
				IPHONEOS_DEPLOYMENT_TARGET = 14.5;
				MTL_ENABLE_DEBUG_INFO = NO;
				MTL_FAST_MATH = YES;
				SDKROOT = iphoneos;
				SWIFT_COMPILATION_MODE = wholemodule;
				SWIFT_OPTIMIZATION_LEVEL = "-O";
				VALIDATE_PRODUCT = YES;
			};
			name = Release;
		};
		87E019AD26F1D4B40096AE6D /* Debug */ = {
			isa = XCBuildConfiguration;
			buildSettings = {
				ASSETCATALOG_COMPILER_APPICON_NAME = AppIcon;
				ASSETCATALOG_COMPILER_GLOBAL_ACCENT_COLOR_NAME = AccentColor;
				CODE_SIGN_STYLE = Automatic;
				DEVELOPMENT_TEAM = 8MKGM4RXJ3;
				INFOPLIST_FILE = ScreenTransitionExample/Info.plist;
				LD_RUNPATH_SEARCH_PATHS = (
					"$(inherited)",
					"@executable_path/Frameworks",
				);
				PRODUCT_BUNDLE_IDENTIFIER = com.ScreenTransitionExample;
				PRODUCT_NAME = "$(TARGET_NAME)";
				SWIFT_VERSION = 5.0;
				TARGETED_DEVICE_FAMILY = "1,2";
			};
			name = Debug;
		};
		87E019AE26F1D4B40096AE6D /* Release */ = {
			isa = XCBuildConfiguration;
			buildSettings = {
				ASSETCATALOG_COMPILER_APPICON_NAME = AppIcon;
				ASSETCATALOG_COMPILER_GLOBAL_ACCENT_COLOR_NAME = AccentColor;
				CODE_SIGN_STYLE = Automatic;
				DEVELOPMENT_TEAM = 8MKGM4RXJ3;
				INFOPLIST_FILE = ScreenTransitionExample/Info.plist;
				LD_RUNPATH_SEARCH_PATHS = (
					"$(inherited)",
					"@executable_path/Frameworks",
				);
				PRODUCT_BUNDLE_IDENTIFIER = com.ScreenTransitionExample;
				PRODUCT_NAME = "$(TARGET_NAME)";
				SWIFT_VERSION = 5.0;
				TARGETED_DEVICE_FAMILY = "1,2";
			};
			name = Release;
		};
/* End XCBuildConfiguration section */

/* Begin XCConfigurationList section */
		87E0199326F1D4B10096AE6D /* Build configuration list for PBXProject "ScreenTransitionExample" */ = {
			isa = XCConfigurationList;
			buildConfigurations = (
				87E019AA26F1D4B40096AE6D /* Debug */,
				87E019AB26F1D4B40096AE6D /* Release */,
			);
			defaultConfigurationIsVisible = 0;
			defaultConfigurationName = Release;
		};
		87E019AC26F1D4B40096AE6D /* Build configuration list for PBXNativeTarget "ScreenTransitionExample" */ = {
			isa = XCConfigurationList;
			buildConfigurations = (
				87E019AD26F1D4B40096AE6D /* Debug */,
				87E019AE26F1D4B40096AE6D /* Release */,
			);
			defaultConfigurationIsVisible = 0;
			defaultConfigurationName = Release;
		};
/* End XCConfigurationList section */
	};
	rootObject = 87E0199026F1D4B10096AE6D /* Project object */;
}
